version = 1
revision = 3
requires-python = ">=3.14"

[[package]]
name = "cython"
version = "3.2.5"
source = { registry = "https://pypi.org/simple" }
sdist = { url = "https://files.pythonhosted.org/packages/3f/3b/ebd94c8b85f8e41b5015a9ed94ee3df866024d480d05cd08b774684fb81d/cython-3.2.5.tar.gz", hash = "sha256:3dd42e4cf36ad15f265bdfec2337cc00c688c8eb6d374ffd13bb19437c27bba1", size = 3286381, upload-time = "2026-05-23T19:34:08.439Z" }
wheels = [
    { url = "https://files.pythonhosted.org/packages/82/78/668ef887621f68255feddd482dbcdcf5788b6c91227dd35bd17f128f827b/cython-3.2.5-cp314-cp314-macosx_11_0_arm64.whl", hash = "sha256:a636c8b7824f3cb587eb2fdde59d8f4a14d433565508081cc290198e37567910", size = 2981525, upload-time = "2026-05-23T19:34:58.445Z" },
    { url = "https://files.pythonhosted.org/packages/a3/de/e3e0cf5704fe569d54b8cd5dc316c9fbf08b1b74728732f86e90168b7a3f/cython-3.2.5-cp39-abi3-macosx_10_9_x86_64.whl", hash = "sha256:224149d18d980e6ea5001b70fc7ce096c1891d59035dfa9cc5ede50f55804913", size = 2879054, upload-time = "2026-05-23T19:35:18.265Z" },
    { url = "https://files.pythonhosted.org/packages/d4/5c/9cd909e6a8bb178e4e0f9a2a9227c8201a2be38abe45ada4a4c3e9154277/cython-3.2.5-py3-none-any.whl", hash = "sha256:dc1c8cebb7df5bce37f5f8dc1e5bf04313272a5973d50a55c0ec76c83812911b", size = 1257622, upload-time = "2026-05-23T19:34:05.163Z" },
]

[[package]]
name = "pyobjc-core"
version = "12.2"
source = { registry = "https://pypi.org/simple" }
sdist = { url = "https://files.pythonhosted.org/packages/2a/e8/a6cc12669211e7c9b29e8f26bf2159e67c7a73555dc229018abf46d8167a/pyobjc_core-12.2.tar.gz", hash = "sha256:51d7de4cfa32f508c6a7aac31f131b12d5e196a8dcf588e6e8d7e6337224f66d", size = 1062064, upload-time = "2026-05-30T12:29:55.417Z" }
wheels = [
    { url = "https://files.pythonhosted.org/packages/2e/b2/ecfbd0c80e7688ed6f3db23414758443c69c3a9d318f2036e26530ede955/pyobjc_core-12.2-cp314-cp314-macosx_10_15_universal2.whl", hash = "sha256:a51352e478785cd7fce1604b9902125a286139caea0759cb340e59d75b594992", size = 6421372, upload-time = "2026-05-30T10:47:27.907Z" },
    { url = "https://files.pythonhosted.org/packages/2b/89/ecd5cb62573fba9a95f8bdb838a9860a360907104a0724af6611d3b20512/pyobjc_core-12.2-cp314-cp314t-macosx_10_15_universal2.whl", hash = "sha256:3137b2d14f9f2154fb5b1c092c38d15e164f68ab190c18335d76e4e7e1583f79", size = 6676789, upload-time = "2026-05-30T10:59:33.811Z" },
    { url = "https://files.pythonhosted.org/packages/74/24/5091d156b19df0f657127f42b08eada11c9b9cc5df49fedb91bb354d9821/pyobjc_core-12.2-cp315-cp315-macosx_10_15_universal2.whl", hash = "sha256:1e4216f2ec962dc13cf7f31b9bc3a7190337a0f401e7dc9de6b2d8c08b9dbb7a", size = 6476112, upload-time = "2026-05-30T11:21:46.914Z" },
    { url = "https://files.pythonhosted.org/packages/77/e2/ee91ea8a0ad28e759f351ed8654027c34fc62ad5e207672522025a6a3fc2/pyobjc_core-12.2-cp315-cp315t-macosx_10_15_universal2.whl", hash = "sha256:ac952bac8057dd0b97ee7b311c39f97cad7430b7cfbd67ca0a30135a7d17d2ab", size = 6718365, upload-time = "2026-05-30T11:51:47.35Z" },
]

[[package]]
name = "pyobjc-framework-cocoa"
version = "12.2"
source = { registry = "https://pypi.org/simple" }
dependencies = [
    { name = "pyobjc-core" },
]
sdist = { url = "https://files.pythonhosted.org/packages/6d/cc/927169225e72bab9c9b44285656768fb75052a0bc85fdbca62740e1ca43c/pyobjc_framework_cocoa-12.2.tar.gz", hash = "sha256:20b392e2b7241caad0538dfde12143343e5dfe48f72e7df660a7548e635903dc", size = 3125555, upload-time = "2026-05-30T12:35:09.273Z" }
wheels = [
    { url = "https://files.pythonhosted.org/packages/56/4b/df8e359e5e422e8f1430bde038aa64364e8c1d4542d7f6fcc4f8a97ec0b7/pyobjc_framework_cocoa-12.2-cp314-cp314-macosx_10_15_universal2.whl", hash = "sha256:aecfd44908fa12a9291fb6ca2458ebbc611102de6784f2202a35fd5ed9f56c60", size = 388334, upload-time = "2026-05-30T11:59:25.861Z" },
    { url = "https://files.pythonhosted.org/packages/43/a2/68c0702cc9d6dbc7077edbd13ccc9aa30ac589d514f51ad6f5c3840e3bf1/pyobjc_framework_cocoa-12.2-cp314-cp314t-macosx_10_15_universal2.whl", hash = "sha256:ef679740f541c52118149b558b757d1f11d9dcf30c2a23344b13a6af6a99a1ab", size = 392376, upload-time = "2026-05-30T11:59:50.031Z" },
    { url = "https://files.pythonhosted.org/packages/83/c3/e170672302e75cc1aa833546fb0d5a3bd4a126ede4124566d5a2e4a50cd6/pyobjc_framework_cocoa-12.2-cp315-cp315-macosx_10_15_universal2.whl", hash = "sha256:290e544a8c2d0786a34a359d825eaad44ebaaa3b30cdd765b2755422ca39a0d2", size = 388566, upload-time = "2026-05-30T12:00:13.606Z" },
    { url = "https://files.pythonhosted.org/packages/f7/6b/78e98e4de11646e56cf98066f9f84b43c86adc8b273a660d85a6ceba7a31/pyobjc_framework_cocoa-12.2-cp315-cp315t-macosx_10_15_universal2.whl", hash = "sha256:5a0bed77b0b56074cc2b4564aae3e6e9d5da5fdf93252f50b6dbced0f7fece3a", size = 392674, upload-time = "2026-05-30T12:00:37.572Z" },
]

[[package]]
name = "screeninfo"
version = "0.8.1"
source = { registry = "https://pypi.org/simple" }
dependencies = [
    { name = "cython", marker = "sys_platform == 'darwin'" },
    { name = "pyobjc-framework-cocoa", marker = "sys_platform == 'darwin'" },
]
sdist = { url = "https://files.pythonhosted.org/packages/ec/bb/e69e5e628d43f118e0af4fc063c20058faa8635c95a1296764acc8167e27/screeninfo-0.8.1.tar.gz", hash = "sha256:9983076bcc7e34402a1a9e4d7dabf3729411fd2abb3f3b4be7eba73519cd2ed1", size = 10666, upload-time = "2022-09-09T11:35:23.419Z" }
wheels = [
    { url = "https://files.pythonhosted.org/packages/6e/bf/c5205d480307bef660e56544b9e3d7ff687da776abb30c9cb3f330887570/screeninfo-0.8.1-py3-none-any.whl", hash = "sha256:e97d6b173856edcfa3bd282f81deb528188aff14b11ec3e195584e7641be733c", size = 12907, upload-time = "2022-09-09T11:35:21.351Z" },
]

[[package]]
name = "work-end-alert"
version = "0.1.0"
source = { virtual = "." }
dependencies = [
    { name = "screeninfo" },
]

[package.metadata]
requires-dist = [{ name = "screeninfo" }]
