version = 1
revision = 3
requires-python = ">=3.15"

[[package]]
name = "cython"
version = "3.2.4"
source = { registry = "https://pypi.org/simple" }
sdist = { url = "https://files.pythonhosted.org/packages/91/85/7574c9cd44b69a27210444b6650f6477f56c75fee1b70d7672d3e4166167/cython-3.2.4.tar.gz", hash = "sha256:84226ecd313b233da27dc2eb3601b4f222b8209c3a7216d8733b031da1dc64e6", size = 3280291, upload-time = "2026-01-04T14:14:14.473Z" }
wheels = [
    { url = "https://files.pythonhosted.org/packages/0a/8b/fd393f0923c82be4ec0db712fffb2ff0a7a131707b842c99bf24b549274d/cython-3.2.4-cp39-abi3-macosx_10_9_x86_64.whl", hash = "sha256:36bf3f5eb56d5281aafabecbaa6ed288bc11db87547bba4e1e52943ae6961ccf", size = 2875622, upload-time = "2026-01-04T14:15:39.749Z" },
    { url = "https://files.pythonhosted.org/packages/ff/fa/d3c15189f7c52aaefbaea76fb012119b04b9013f4bf446cb4eb4c26c4e6b/cython-3.2.4-py3-none-any.whl", hash = "sha256:732fc93bc33ae4b14f6afaca663b916c2fdd5dcbfad7114e17fb2434eeaea45c", size = 1257078, upload-time = "2026-01-04T14:14:12.373Z" },
]

[[package]]
name = "pyobjc-core"
version = "12.1"
source = { registry = "https://pypi.org/simple" }
sdist = { url = "https://files.pythonhosted.org/packages/b8/b6/d5612eb40be4fd5ef88c259339e6313f46ba67577a95d86c3470b951fce0/pyobjc_core-12.1.tar.gz", hash = "sha256:2bb3903f5387f72422145e1466b3ac3f7f0ef2e9960afa9bcd8961c5cbf8bd21", size = 1000532, upload-time = "2025-11-14T10:08:28.292Z" }

[[package]]
name = "pyobjc-framework-cocoa"
version = "12.1"
source = { registry = "https://pypi.org/simple" }
dependencies = [
    { name = "pyobjc-core" },
]
sdist = { url = "https://files.pythonhosted.org/packages/02/a3/16ca9a15e77c061a9250afbae2eae26f2e1579eb8ca9462ae2d2c71e1169/pyobjc_framework_cocoa-12.1.tar.gz", hash = "sha256:5556c87db95711b985d5efdaaf01c917ddd41d148b1e52a0c66b1a2e2c5c1640", size = 2772191, upload-time = "2025-11-14T10:13:02.069Z" }

[[package]]
name = "screeninfo"
version = "0.8.1"
source = { registry = "https://pypi.org/simple" }
dependencies = [
    { name = "cython", marker = "sys_platform == 'darwin'" },
    { name = "pyobjc-framework-cocoa", marker = "sys_platform == 'darwin'" },
]
sdist = { url = "https://files.pythonhosted.org/packages/ec/bb/e69e5e628d43f118e0af4fc063c20058faa8635c95a1296764acc8167e27/screeninfo-0.8.1.tar.gz", hash = "sha256:9983076bcc7e34402a1a9e4d7dabf3729411fd2abb3f3b4be7eba73519cd2ed1", size = 10666, upload-time = "2022-09-09T11:35:23.419Z" }
wheels = [
    { url = "https://files.pythonhosted.org/packages/6e/bf/c5205d480307bef660e56544b9e3d7ff687da776abb30c9cb3f330887570/screeninfo-0.8.1-py3-none-any.whl", hash = "sha256:e97d6b173856edcfa3bd282f81deb528188aff14b11ec3e195584e7641be733c", size = 12907, upload-time = "2022-09-09T11:35:21.351Z" },
]

[[package]]
name = "work-end-alert"
version = "0.1.0"
source = { virtual = "." }
dependencies = [
    { name = "screeninfo" },
]

[package.metadata]
requires-dist = [{ name = "screeninfo" }]
